
Microsoft Visual Studio Solution File, Format Version 12.00
# Visual Studio Version 16
VisualStudioVersion = 16.0.30711.63
MinimumVisualStudioVersion = 10.0.40219.1
Project("{FAE04EC0-301F-11D3-BF4B-00C04F79EFBC}") = "Ö.7", "Ö.7\Ö.7.csproj", "{E3250CCE-DD30-4CD5-81A5-52857C87B93E}"
EndProject
Global
	GlobalSection(SolutionConfigurationPlatforms) = preSolution
		Debug|Any CPU = Debug|Any CPU
		Release|Any CPU = Release|Any CPU
	EndGlobalSection
	GlobalSection(ProjectConfigurationPlatforms) = postSolution
		{E3250CCE-DD30-4CD5-81A5-52857C87B93E}.Debug|Any CPU.ActiveCfg = Debug|Any CPU
		{E3250CCE-DD30-4CD5-81A5-52857C87B93E}.Debug|Any CPU.Build.0 = Debug|Any CPU
		{E3250CCE-DD30-4CD5-81A5-52857C87B93E}.Release|Any CPU.ActiveCfg = Release|Any CPU
		{E3250CCE-DD30-4CD5-81A5-52857C87B93E}.Release|Any CPU.Build.0 = Release|Any CPU
	EndGlobalSection
	GlobalSection(SolutionProperties) = preSolution
		HideSolutionNode = FALSE
	EndGlobalSection
	GlobalSection(ExtensibilityGlobals) = postSolution
		SolutionGuid = {09E0F53F-5904-4B04-AEC0-41F9BC0F2951}
	EndGlobalSection
EndGlobal
